
Microsoft Visual Studio Solution File, Format Version 12.00
# Visual Studio 2015
Project("{FAE04EC0-301F-11D3-BF4B-00C04F79EFBC}") = "COMP-305-Assignment3.CSharp.Plugins", "COMP-305-Assignment3.CSharp.Plugins.csproj", "{D78F34E3-9FFB-C3B3-EFB7-B306000FA8A7}"
EndProject
Project("{FAE04EC0-301F-11D3-BF4B-00C04F79EFBC}") = "COMP-305-Assignment3.CSharp", "COMP-305-Assignment3.CSharp.csproj", "{F71DC1CA-45EB-A4F2-247E-8034F62729FA}"
EndProject
Project("{FAE04EC0-301F-11D3-BF4B-00C04F79EFBC}") = "COMP-305-Assignment3.CSharp.Editor", "COMP-305-Assignment3.CSharp.Editor.csproj", "{C84FBA73-64FA-0D0C-B171-153EE941E002}"
EndProject
Global
	GlobalSection(SolutionConfigurationPlatforms) = preSolution
		Debug|Any CPU = Debug|Any CPU
		Release|Any CPU = Release|Any CPU
	EndGlobalSection
	GlobalSection(ProjectConfigurationPlatforms) = postSolution
		{D78F34E3-9FFB-C3B3-EFB7-B306000FA8A7}.Debug|Any CPU.ActiveCfg = Debug|Any CPU
		{D78F34E3-9FFB-C3B3-EFB7-B306000FA8A7}.Debug|Any CPU.Build.0 = Debug|Any CPU
		{D78F34E3-9FFB-C3B3-EFB7-B306000FA8A7}.Release|Any CPU.ActiveCfg = Release|Any CPU
		{D78F34E3-9FFB-C3B3-EFB7-B306000FA8A7}.Release|Any CPU.Build.0 = Release|Any CPU
		{F71DC1CA-45EB-A4F2-247E-8034F62729FA}.Debug|Any CPU.ActiveCfg = Debug|Any CPU
		{F71DC1CA-45EB-A4F2-247E-8034F62729FA}.Debug|Any CPU.Build.0 = Debug|Any CPU
		{F71DC1CA-45EB-A4F2-247E-8034F62729FA}.Release|Any CPU.ActiveCfg = Release|Any CPU
		{F71DC1CA-45EB-A4F2-247E-8034F62729FA}.Release|Any CPU.Build.0 = Release|Any CPU
		{C84FBA73-64FA-0D0C-B171-153EE941E002}.Debug|Any CPU.ActiveCfg = Debug|Any CPU
		{C84FBA73-64FA-0D0C-B171-153EE941E002}.Debug|Any CPU.Build.0 = Debug|Any CPU
		{C84FBA73-64FA-0D0C-B171-153EE941E002}.Release|Any CPU.ActiveCfg = Release|Any CPU
		{C84FBA73-64FA-0D0C-B171-153EE941E002}.Release|Any CPU.Build.0 = Release|Any CPU
	EndGlobalSection
	GlobalSection(SolutionProperties) = preSolution
		HideSolutionNode = FALSE
	EndGlobalSection
EndGlobal
